
Microsoft Visual Studio Solution File, Format Version 12.00
# Visual Studio Version 16
VisualStudioVersion = 16.0.31410.357
MinimumVisualStudioVersion = 10.0.40219.1
Project("{FAE04EC0-301F-11D3-BF4B-00C04F79EFBC}") = "StockManagement", "StockManagement\StockManagement.csproj", "{A521E0E5-2603-42CF-AD46-8CBFD29B914B}"
EndProject
Global
	GlobalSection(SolutionConfigurationPlatforms) = preSolution
		Debug|Any CPU = Debug|Any CPU
		Release|Any CPU = Release|Any CPU
	EndGlobalSection
	GlobalSection(ProjectConfigurationPlatforms) = postSolution
		{A521E0E5-2603-42CF-AD46-8CBFD29B914B}.Debug|Any CPU.ActiveCfg = Debug|Any CPU
		{A521E0E5-2603-42CF-AD46-8CBFD29B914B}.Debug|Any CPU.Build.0 = Debug|Any CPU
		{A521E0E5-2603-42CF-AD46-8CBFD29B914B}.Release|Any CPU.ActiveCfg = Release|Any CPU
		{A521E0E5-2603-42CF-AD46-8CBFD29B914B}.Release|Any CPU.Build.0 = Release|Any CPU
	EndGlobalSection
	GlobalSection(SolutionProperties) = preSolution
		HideSolutionNode = FALSE
	EndGlobalSection
	GlobalSection(ExtensibilityGlobals) = postSolution
		SolutionGuid = {94137C7A-5339-402B-936B-1AAA4B7A77D3}
	EndGlobalSection
EndGlobal
